
Microsoft Visual Studio Solution File, Format Version 12.00
# Visual Studio Version 16
VisualStudioVersion = 16.0.29306.81
MinimumVisualStudioVersion = 10.0.40219.1
Project("{FAE04EC0-301F-11D3-BF4B-00C04F79EFBC}") = "TesteGitHub", "TesteGitHub\TesteGitHub.csproj", "{DF4FFB8E-3E7C-478A-A208-F752A35903A4}"
EndProject
Global
	GlobalSection(SolutionConfigurationPlatforms) = preSolution
		Debug|Any CPU = Debug|Any CPU
		Release|Any CPU = Release|Any CPU
	EndGlobalSection
	GlobalSection(ProjectConfigurationPlatforms) = postSolution
		{DF4FFB8E-3E7C-478A-A208-F752A35903A4}.Debug|Any CPU.ActiveCfg = Debug|Any CPU
		{DF4FFB8E-3E7C-478A-A208-F752A35903A4}.Debug|Any CPU.Build.0 = Debug|Any CPU
		{DF4FFB8E-3E7C-478A-A208-F752A35903A4}.Release|Any CPU.ActiveCfg = Release|Any CPU
		{DF4FFB8E-3E7C-478A-A208-F752A35903A4}.Release|Any CPU.Build.0 = Release|Any CPU
	EndGlobalSection
	GlobalSection(SolutionProperties) = preSolution
		HideSolutionNode = FALSE
	EndGlobalSection
	GlobalSection(ExtensibilityGlobals) = postSolution
		SolutionGuid = {D60D4F15-4D4E-4B2F-BBB7-6BEDF785413F}
	EndGlobalSection
EndGlobal
